
Microsoft Visual Studio Solution File, Format Version 12.00
# Visual Studio Version 17
VisualStudioVersion = 17.7.34018.315
MinimumVisualStudioVersion = 10.0.40219.1
Project("{FAE04EC0-301F-11D3-BF4B-00C04F79EFBC}") = "HW4_Game_2048", "HW4_Game_2048\HW4_Game_2048.csproj", "{88C3F297-CC81-40D8-8D1B-18FD6E8D9A8D}"
EndProject
Global
	GlobalSection(SolutionConfigurationPlatforms) = preSolution
		Debug|Any CPU = Debug|Any CPU
		Release|Any CPU = Release|Any CPU
	EndGlobalSection
	GlobalSection(ProjectConfigurationPlatforms) = postSolution
		{88C3F297-CC81-40D8-8D1B-18FD6E8D9A8D}.Debug|Any CPU.ActiveCfg = Debug|Any CPU
		{88C3F297-CC81-40D8-8D1B-18FD6E8D9A8D}.Debug|Any CPU.Build.0 = Debug|Any CPU
		{88C3F297-CC81-40D8-8D1B-18FD6E8D9A8D}.Release|Any CPU.ActiveCfg = Release|Any CPU
		{88C3F297-CC81-40D8-8D1B-18FD6E8D9A8D}.Release|Any CPU.Build.0 = Release|Any CPU
	EndGlobalSection
	GlobalSection(SolutionProperties) = preSolution
		HideSolutionNode = FALSE
	EndGlobalSection
	GlobalSection(ExtensibilityGlobals) = postSolution
		SolutionGuid = {F1C59462-3A22-4FA1-B481-F23B1468004A}
	EndGlobalSection
EndGlobal
