
Microsoft Visual Studio Solution File, Format Version 12.00
# Visual Studio Version 17
VisualStudioVersion = 17.7.34202.233
MinimumVisualStudioVersion = 10.0.40219.1
Project("{FAE04EC0-301F-11D3-BF4B-00C04F79EFBC}") = "HW9_Resume_MVVM_INotify", "HW9_Resume_MVVM_INotify\HW9_Resume_MVVM_INotify.csproj", "{796D508E-15A1-4991-9AB7-F98B42E8E118}"
EndProject
Global
	GlobalSection(SolutionConfigurationPlatforms) = preSolution
		Debug|Any CPU = Debug|Any CPU
		Release|Any CPU = Release|Any CPU
	EndGlobalSection
	GlobalSection(ProjectConfigurationPlatforms) = postSolution
		{796D508E-15A1-4991-9AB7-F98B42E8E118}.Debug|Any CPU.ActiveCfg = Debug|Any CPU
		{796D508E-15A1-4991-9AB7-F98B42E8E118}.Debug|Any CPU.Build.0 = Debug|Any CPU
		{796D508E-15A1-4991-9AB7-F98B42E8E118}.Release|Any CPU.ActiveCfg = Release|Any CPU
		{796D508E-15A1-4991-9AB7-F98B42E8E118}.Release|Any CPU.Build.0 = Release|Any CPU
	EndGlobalSection
	GlobalSection(SolutionProperties) = preSolution
		HideSolutionNode = FALSE
	EndGlobalSection
	GlobalSection(ExtensibilityGlobals) = postSolution
		SolutionGuid = {B7C0DB2E-52F2-4ECB-A263-A3DD339F5388}
	EndGlobalSection
EndGlobal
