
Microsoft Visual Studio Solution File, Format Version 12.00
# Visual Studio Version 17
VisualStudioVersion = 17.7.34202.233
MinimumVisualStudioVersion = 10.0.40219.1
Project("{FAE04EC0-301F-11D3-BF4B-00C04F79EFBC}") = "HW11_Gallery", "HW11_Gallery\HW11_Gallery.csproj", "{21F170DC-7122-4A1A-B62E-10F5EE19945E}"
EndProject
Global
	GlobalSection(SolutionConfigurationPlatforms) = preSolution
		Debug|Any CPU = Debug|Any CPU
		Release|Any CPU = Release|Any CPU
	EndGlobalSection
	GlobalSection(ProjectConfigurationPlatforms) = postSolution
		{21F170DC-7122-4A1A-B62E-10F5EE19945E}.Debug|Any CPU.ActiveCfg = Debug|Any CPU
		{21F170DC-7122-4A1A-B62E-10F5EE19945E}.Debug|Any CPU.Build.0 = Debug|Any CPU
		{21F170DC-7122-4A1A-B62E-10F5EE19945E}.Release|Any CPU.ActiveCfg = Release|Any CPU
		{21F170DC-7122-4A1A-B62E-10F5EE19945E}.Release|Any CPU.Build.0 = Release|Any CPU
	EndGlobalSection
	GlobalSection(SolutionProperties) = preSolution
		HideSolutionNode = FALSE
	EndGlobalSection
	GlobalSection(ExtensibilityGlobals) = postSolution
		SolutionGuid = {022F750F-048A-4F94-95E7-8D4032D08259}
	EndGlobalSection
EndGlobal
